
Microsoft Visual Studio Solution File, Format Version 12.00
# Visual Studio 2013
VisualStudioVersion = 12.0.30501.0
MinimumVisualStudioVersion = 10.0.40219.1
Project("{FAE04EC0-301F-11D3-BF4B-00C04F79EFBC}") = "SADGUI", "SADGUI\SADGUI.csproj", "{860B2F14-BEAC-4C55-B151-8E27B4BB4F5F}"
EndProject
Project("{2150E333-8FDC-42A3-9474-1A3956D46DE8}") = "Applications", "Applications", "{5C124EEC-7A44-4D30-BDEC-559C218371C9}"
EndProject
Project("{2150E333-8FDC-42A3-9474-1A3956D46DE8}") = "Deployment", "Deployment", "{228FE0BC-4DFF-4783-868C-54BC1786B5E7}"
EndProject
Project("{2150E333-8FDC-42A3-9474-1A3956D46DE8}") = "Library", "Library", "{BA1853E8-47A7-4F0E-BE4B-1E82EB0CE09F}"
	ProjectSection(SolutionItems) = preProject
		..\..\Library\Emgu.CV.dll = ..\..\Library\Emgu.CV.dll
		..\..\Library\Emgu.CV.GPU.dll = ..\..\Library\Emgu.CV.GPU.dll
		..\..\Library\Emgu.CV.ML.dll = ..\..\Library\Emgu.CV.ML.dll
		..\..\Library\Emgu.CV.UI.dll = ..\..\Library\Emgu.CV.UI.dll
		..\..\Library\Emgu.Util.dll = ..\..\Library\Emgu.Util.dll
		..\..\Library\USBLib.DLL = ..\..\Library\USBLib.DLL
	EndProjectSection
EndProject
Project("{2150E333-8FDC-42A3-9474-1A3956D46DE8}") = "Model", "Model", "{8A043F7C-43C4-4A08-BFF4-C9861C7366A0}"
EndProject
Project("{2150E333-8FDC-42A3-9474-1A3956D46DE8}") = "Testing", "Testing", "{4C5E71FF-E757-4D28-BA44-27CC1640D6FB}"
EndProject
Project("{FAE04EC0-301F-11D3-BF4B-00C04F79EFBC}") = "SAD.Core", "..\..\Library\SAD.Core\SAD.Core.csproj", "{0433A9C9-E5A8-49F8-82AA-D9A6A54CEFCD}"
EndProject
Project("{FAE04EC0-301F-11D3-BF4B-00C04F79EFBC}") = "SAD.Core.Test", "..\..\..\..\..\..\..\Desktop\cpts323\323sadProj1\CPTS-323-SAD-Project\Production\Src\Applications\SADCL\SAD.Core.Test\SAD.Core.Test.csproj", "{AA5BAEEC-D911-4B04-A1F0-E01416BD5F07}"
EndProject
Global
	GlobalSection(SolutionConfigurationPlatforms) = preSolution
		Debug|Any CPU = Debug|Any CPU
		Debug|x64 = Debug|x64
		Debug|x86 = Debug|x86
		Release|Any CPU = Release|Any CPU
		Release|x64 = Release|x64
		Release|x86 = Release|x86
	EndGlobalSection
	GlobalSection(ProjectConfigurationPlatforms) = postSolution
		{860B2F14-BEAC-4C55-B151-8E27B4BB4F5F}.Debug|Any CPU.ActiveCfg = Debug|Any CPU
		{860B2F14-BEAC-4C55-B151-8E27B4BB4F5F}.Debug|Any CPU.Build.0 = Debug|Any CPU
		{860B2F14-BEAC-4C55-B151-8E27B4BB4F5F}.Debug|x64.ActiveCfg = Debug|Any CPU
		{860B2F14-BEAC-4C55-B151-8E27B4BB4F5F}.Debug|x86.ActiveCfg = Debug|Any CPU
		{860B2F14-BEAC-4C55-B151-8E27B4BB4F5F}.Release|Any CPU.ActiveCfg = Release|Any CPU
		{860B2F14-BEAC-4C55-B151-8E27B4BB4F5F}.Release|Any CPU.Build.0 = Release|Any CPU
		{860B2F14-BEAC-4C55-B151-8E27B4BB4F5F}.Release|x64.ActiveCfg = Release|Any CPU
		{860B2F14-BEAC-4C55-B151-8E27B4BB4F5F}.Release|x86.ActiveCfg = Release|Any CPU
		{0433A9C9-E5A8-49F8-82AA-D9A6A54CEFCD}.Debug|Any CPU.ActiveCfg = Debug|Any CPU
		{0433A9C9-E5A8-49F8-82AA-D9A6A54CEFCD}.Debug|Any CPU.Build.0 = Debug|Any CPU
		{0433A9C9-E5A8-49F8-82AA-D9A6A54CEFCD}.Debug|x64.ActiveCfg = Debug|x64
		{0433A9C9-E5A8-49F8-82AA-D9A6A54CEFCD}.Debug|x64.Build.0 = Debug|x64
		{0433A9C9-E5A8-49F8-82AA-D9A6A54CEFCD}.Debug|x86.ActiveCfg = Debug|x86
		{0433A9C9-E5A8-49F8-82AA-D9A6A54CEFCD}.Debug|x86.Build.0 = Debug|x86
		{0433A9C9-E5A8-49F8-82AA-D9A6A54CEFCD}.Release|Any CPU.ActiveCfg = Release|Any CPU
		{0433A9C9-E5A8-49F8-82AA-D9A6A54CEFCD}.Release|Any CPU.Build.0 = Release|Any CPU
		{0433A9C9-E5A8-49F8-82AA-D9A6A54CEFCD}.Release|x64.ActiveCfg = Release|x64
		{0433A9C9-E5A8-49F8-82AA-D9A6A54CEFCD}.Release|x64.Build.0 = Release|x64
		{0433A9C9-E5A8-49F8-82AA-D9A6A54CEFCD}.Release|x86.ActiveCfg = Release|x86
		{0433A9C9-E5A8-49F8-82AA-D9A6A54CEFCD}.Release|x86.Build.0 = Release|x86
		{AA5BAEEC-D911-4B04-A1F0-E01416BD5F07}.Debug|Any CPU.ActiveCfg = Debug|Any CPU
		{AA5BAEEC-D911-4B04-A1F0-E01416BD5F07}.Debug|Any CPU.Build.0 = Debug|Any CPU
		{AA5BAEEC-D911-4B04-A1F0-E01416BD5F07}.Debug|x64.ActiveCfg = Debug|Any CPU
		{AA5BAEEC-D911-4B04-A1F0-E01416BD5F07}.Debug|x86.ActiveCfg = Debug|Any CPU
		{AA5BAEEC-D911-4B04-A1F0-E01416BD5F07}.Release|Any CPU.ActiveCfg = Release|Any CPU
		{AA5BAEEC-D911-4B04-A1F0-E01416BD5F07}.Release|Any CPU.Build.0 = Release|Any CPU
		{AA5BAEEC-D911-4B04-A1F0-E01416BD5F07}.Release|x64.ActiveCfg = Release|Any CPU
		{AA5BAEEC-D911-4B04-A1F0-E01416BD5F07}.Release|x86.ActiveCfg = Release|Any CPU
	EndGlobalSection
	GlobalSection(SolutionProperties) = preSolution
		HideSolutionNode = FALSE
	EndGlobalSection
	GlobalSection(NestedProjects) = preSolution
		{860B2F14-BEAC-4C55-B151-8E27B4BB4F5F} = {5C124EEC-7A44-4D30-BDEC-559C218371C9}
		{0433A9C9-E5A8-49F8-82AA-D9A6A54CEFCD} = {BA1853E8-47A7-4F0E-BE4B-1E82EB0CE09F}
	EndGlobalSection
EndGlobal
